
Microsoft Visual Studio Solution File, Format Version 12.00
# Visual Studio Version 17
VisualStudioVersion = 17.8.34330.188
MinimumVisualStudioVersion = 10.0.40219.1
Project("{FAE04EC0-301F-11D3-BF4B-00C04F79EFBC}") = "CSharpSkillsAssessment", "CSharpSkillsAssessment.csproj", "{59FA87C5-130E-41A3-88A1-90ECEF7439F5}"
EndProject
Project("{FAE04EC0-301F-11D3-BF4B-00C04F79EFBC}") = "StringCompression.Lib", "..\StringCompression.Lib\StringCompression.Lib.csproj", "{140FA27C-C28A-43EF-B4A9-871EF0883DE2}"
EndProject
Project("{FAE04EC0-301F-11D3-BF4B-00C04F79EFBC}") = "Tests", "..\Tests\Tests.csproj", "{EC095164-1D1A-4831-BBAA-B0F8C9274F0C}"
EndProject
Global
	GlobalSection(SolutionConfigurationPlatforms) = preSolution
		Debug|Any CPU = Debug|Any CPU
		Release|Any CPU = Release|Any CPU
	EndGlobalSection
	GlobalSection(ProjectConfigurationPlatforms) = postSolution
		{59FA87C5-130E-41A3-88A1-90ECEF7439F5}.Debug|Any CPU.ActiveCfg = Debug|Any CPU
		{59FA87C5-130E-41A3-88A1-90ECEF7439F5}.Debug|Any CPU.Build.0 = Debug|Any CPU
		{59FA87C5-130E-41A3-88A1-90ECEF7439F5}.Release|Any CPU.ActiveCfg = Release|Any CPU
		{59FA87C5-130E-41A3-88A1-90ECEF7439F5}.Release|Any CPU.Build.0 = Release|Any CPU
		{140FA27C-C28A-43EF-B4A9-871EF0883DE2}.Debug|Any CPU.ActiveCfg = Debug|Any CPU
		{140FA27C-C28A-43EF-B4A9-871EF0883DE2}.Debug|Any CPU.Build.0 = Debug|Any CPU
		{140FA27C-C28A-43EF-B4A9-871EF0883DE2}.Release|Any CPU.ActiveCfg = Release|Any CPU
		{140FA27C-C28A-43EF-B4A9-871EF0883DE2}.Release|Any CPU.Build.0 = Release|Any CPU
		{EC095164-1D1A-4831-BBAA-B0F8C9274F0C}.Debug|Any CPU.ActiveCfg = Debug|Any CPU
		{EC095164-1D1A-4831-BBAA-B0F8C9274F0C}.Debug|Any CPU.Build.0 = Debug|Any CPU
		{EC095164-1D1A-4831-BBAA-B0F8C9274F0C}.Release|Any CPU.ActiveCfg = Release|Any CPU
		{EC095164-1D1A-4831-BBAA-B0F8C9274F0C}.Release|Any CPU.Build.0 = Release|Any CPU
	EndGlobalSection
	GlobalSection(SolutionProperties) = preSolution
		HideSolutionNode = FALSE
	EndGlobalSection
	GlobalSection(ExtensibilityGlobals) = postSolution
		SolutionGuid = {F13D210C-04E0-4275-A9CF-6EA43D8A279B}
	EndGlobalSection
EndGlobal
